
Microsoft Visual Studio Solution File, Format Version 12.00
# Visual Studio Version 16
VisualStudioVersion = 16.0.31019.35
MinimumVisualStudioVersion = 10.0.40219.1
Project("{FAE04EC0-301F-11D3-BF4B-00C04F79EFBC}") = "2301862733_Sendiawan_Quiz", "2301862733_Sendiawan_Quiz\2301862733_Sendiawan_Quiz.csproj", "{D75A5FE7-0C6E-4227-A6CC-39608BC12E6E}"
EndProject
Global
	GlobalSection(SolutionConfigurationPlatforms) = preSolution
		Debug|Any CPU = Debug|Any CPU
		Release|Any CPU = Release|Any CPU
	EndGlobalSection
	GlobalSection(ProjectConfigurationPlatforms) = postSolution
		{D75A5FE7-0C6E-4227-A6CC-39608BC12E6E}.Debug|Any CPU.ActiveCfg = Debug|Any CPU
		{D75A5FE7-0C6E-4227-A6CC-39608BC12E6E}.Debug|Any CPU.Build.0 = Debug|Any CPU
		{D75A5FE7-0C6E-4227-A6CC-39608BC12E6E}.Release|Any CPU.ActiveCfg = Release|Any CPU
		{D75A5FE7-0C6E-4227-A6CC-39608BC12E6E}.Release|Any CPU.Build.0 = Release|Any CPU
	EndGlobalSection
	GlobalSection(SolutionProperties) = preSolution
		HideSolutionNode = FALSE
	EndGlobalSection
	GlobalSection(ExtensibilityGlobals) = postSolution
		SolutionGuid = {6CAD4D10-B860-42F6-BBE6-45E7457DCADB}
	EndGlobalSection
EndGlobal
